// !$*UTF8*$!
{
	archiveVersion = 1;
	classes = {
	};
	objectVersion = 46;
	objects = {

/* Begin PBXBuildFile section */
		6F80535A8AA215BA97DBD93D /* libPods-图片浏览demo.a in Frameworks */ = {isa = PBXBuildFile; fileRef = 1683595E0D48D7F0A60E7E91 /* libPods-图片浏览demo.a */; };
		85648B581D18D56000157A23 /* main.m in Sources */ = {isa = PBXBuildFile; fileRef = 85648B571D18D56000157A23 /* main.m */; };
		85648B5B1D18D56000157A23 /* AppDelegate.m in Sources */ = {isa = PBXBuildFile; fileRef = 85648B5A1D18D56000157A23 /* AppDelegate.m */; };
		85648B5E1D18D56000157A23 /* ViewController.m in Sources */ = {isa = PBXBuildFile; fileRef = 85648B5D1D18D56000157A23 /* ViewController.m */; };
		85648B611D18D56000157A23 /* Main.storyboard in Resources */ = {isa = PBXBuildFile; fileRef = 85648B5F1D18D56000157A23 /* Main.storyboard */; };
		85648B631D18D56000157A23 /* Assets.xcassets in Resources */ = {isa = PBXBuildFile; fileRef = 85648B621D18D56000157A23 /* Assets.xcassets */; };
		85648B661D18D56000157A23 /* LaunchScreen.storyboard in Resources */ = {isa = PBXBuildFile; fileRef = 85648B641D18D56000157A23 /* LaunchScreen.storyboard */; };
		85648B6F1D18D58400157A23 /* ZBPhotoBrowserViewController.m in Sources */ = {isa = PBXBuildFile; fileRef = 85648B6E1D18D58400157A23 /* ZBPhotoBrowserViewController.m */; };
/* End PBXBuildFile section */

/* Begin PBXFileReference section */
		1683595E0D48D7F0A60E7E91 /* libPods-图片浏览demo.a */ = {isa = PBXFileReference; explicitFileType = archive.ar; includeInIndex = 0; path = "libPods-图片浏览demo.a"; sourceTree = BUILT_PRODUCTS_DIR; };
		44AD0AB4D9F6670F595EF5DD /* Pods-图片浏览demo.release.xcconfig */ = {isa = PBXFileReference; includeInIndex = 1; lastKnownFileType = text.xcconfig; name = "Pods-图片浏览demo.release.xcconfig"; path = "Pods/Target Support Files/Pods-图片浏览demo/Pods-图片浏览demo.release.xcconfig"; sourceTree = "<group>"; };
		5A066376D39C6DB9D6E92500 /* Pods-图片浏览demo.debug.xcconfig */ = {isa = PBXFileReference; includeInIndex = 1; lastKnownFileType = text.xcconfig; name = "Pods-图片浏览demo.debug.xcconfig"; path = "Pods/Target Support Files/Pods-图片浏览demo/Pods-图片浏览demo.debug.xcconfig"; sourceTree = "<group>"; };
		85648B531D18D56000157A23 /* 图片浏览demo.app */ = {isa = PBXFileReference; explicitFileType = wrapper.application; includeInIndex = 0; path = "图片浏览demo.app"; sourceTree = BUILT_PRODUCTS_DIR; };
		85648B571D18D56000157A23 /* main.m */ = {isa = PBXFileReference; lastKnownFileType = sourcecode.c.objc; path = main.m; sourceTree = "<group>"; };
		85648B591D18D56000157A23 /* AppDelegate.h */ = {isa = PBXFileReference; lastKnownFileType = sourcecode.c.h; path = AppDelegate.h; sourceTree = "<group>"; };
		85648B5A1D18D56000157A23 /* AppDelegate.m */ = {isa = PBXFileReference; lastKnownFileType = sourcecode.c.objc; path = AppDelegate.m; sourceTree = "<group>"; };
		85648B5C1D18D56000157A23 /* ViewController.h */ = {isa = PBXFileReference; lastKnownFileType = sourcecode.c.h; path = ViewController.h; sourceTree = "<group>"; };
		85648B5D1D18D56000157A23 /* ViewController.m */ = {isa = PBXFileReference; lastKnownFileType = sourcecode.c.objc; path = ViewController.m; sourceTree = "<group>"; };
		85648B601D18D56000157A23 /* Base */ = {isa = PBXFileReference; lastKnownFileType = file.storyboard; name = Base; path = Base.lproj/Main.storyboard; sourceTree = "<group>"; };
		85648B621D18D56000157A23 /* Assets.xcassets */ = {isa = PBXFileReference; lastKnownFileType = folder.assetcatalog; path = Assets.xcassets; sourceTree = "<group>"; };
		85648B651D18D56000157A23 /* Base */ = {isa = PBXFileReference; lastKnownFileType = file.storyboard; name = Base; path = Base.lproj/LaunchScreen.storyboard; sourceTree = "<group>"; };
		85648B671D18D56000157A23 /* Info.plist */ = {isa = PBXFileReference; lastKnownFileType = text.plist.xml; path = Info.plist; sourceTree = "<group>"; };
		85648B6D1D18D58400157A23 /* ZBPhotoBrowserViewController.h */ = {isa = PBXFileReference; fileEncoding = 4; lastKnownFileType = sourcecode.c.h; path = ZBPhotoBrowserViewController.h; sourceTree = "<group>"; };
		85648B6E1D18D58400157A23 /* ZBPhotoBrowserViewController.m */ = {isa = PBXFileReference; fileEncoding = 4; lastKnownFileType = sourcecode.c.objc; path = ZBPhotoBrowserViewController.m; sourceTree = "<group>"; };
/* End PBXFileReference section */

/* Begin PBXFrameworksBuildPhase section */
		85648B501D18D56000157A23 /* Frameworks */ = {
			isa = PBXFrameworksBuildPhase;
			buildActionMask = 2147483647;
			files = (
				6F80535A8AA215BA97DBD93D /* libPods-图片浏览demo.a in Frameworks */,
			);
			runOnlyForDeploymentPostprocessing = 0;
		};
/* End PBXFrameworksBuildPhase section */

/* Begin PBXGroup section */
		0C0ECD92E8695940D7EA5269 /* Pods */ = {
			isa = PBXGroup;
			children = (
				5A066376D39C6DB9D6E92500 /* Pods-图片浏览demo.debug.xcconfig */,
				44AD0AB4D9F6670F595EF5DD /* Pods-图片浏览demo.release.xcconfig */,
			);
			name = Pods;
			sourceTree = "<group>";
		};
		85648B4A1D18D56000157A23 = {
			isa = PBXGroup;
			children = (
				85648B551D18D56000157A23 /* 图片浏览demo */,
				85648B541D18D56000157A23 /* Products */,
				0C0ECD92E8695940D7EA5269 /* Pods */,
				920648AD915F9BF8C2F2FA38 /* Frameworks */,
			);
			sourceTree = "<group>";
		};
		85648B541D18D56000157A23 /* Products */ = {
			isa = PBXGroup;
			children = (
				85648B531D18D56000157A23 /* 图片浏览demo.app */,
			);
			name = Products;
			sourceTree = "<group>";
		};
		85648B551D18D56000157A23 /* 图片浏览demo */ = {
			isa = PBXGroup;
			children = (
				85648B6D1D18D58400157A23 /* ZBPhotoBrowserViewController.h */,
				85648B6E1D18D58400157A23 /* ZBPhotoBrowserViewController.m */,
				85648B591D18D56000157A23 /* AppDelegate.h */,
				85648B5A1D18D56000157A23 /* AppDelegate.m */,
				85648B5C1D18D56000157A23 /* ViewController.h */,
				85648B5D1D18D56000157A23 /* ViewController.m */,
				85648B5F1D18D56000157A23 /* Main.storyboard */,
				85648B621D18D56000157A23 /* Assets.xcassets */,
				85648B641D18D56000157A23 /* LaunchScreen.storyboard */,
				85648B671D18D56000157A23 /* Info.plist */,
				85648B561D18D56000157A23 /* Supporting Files */,
			);
			path = "图片浏览demo";
			sourceTree = "<group>";
		};
		85648B561D18D56000157A23 /* Supporting Files */ = {
			isa = PBXGroup;
			children = (
				85648B571D18D56000157A23 /* main.m */,
			);
			name = "Supporting Files";
			sourceTree = "<group>";
		};
		920648AD915F9BF8C2F2FA38 /* Frameworks */ = {
			isa = PBXGroup;
			children = (
				1683595E0D48D7F0A60E7E91 /* libPods-图片浏览demo.a */,
			);
			name = Frameworks;
			sourceTree = "<group>";
		};
/* End PBXGroup section */

/* Begin PBXNativeTarget section */
		85648B521D18D56000157A23 /* 图片浏览demo */ = {
			isa = PBXNativeTarget;
			buildConfigurationList = 85648B6A1D18D56000157A23 /* Build configuration list for PBXNativeTarget "图片浏览demo" */;
			buildPhases = (
				0A4BC7842D1181F165A13469 /* 📦 Check Pods Manifest.lock */,
				85648B4F1D18D56000157A23 /* Sources */,
				85648B501D18D56000157A23 /* Frameworks */,
				85648B511D18D56000157A23 /* Resources */,
				39030EE612335FE0DF6A6AAC /* 📦 Embed Pods Frameworks */,
				15652202CEE49BC8A588F3AB /* 📦 Copy Pods Resources */,
			);
			buildRules = (
			);
			dependencies = (
			);
			name = "图片浏览demo";
			productName = "图片浏览demo";
			productReference = 85648B531D18D56000157A23 /* 图片浏览demo.app */;
			productType = "com.apple.product-type.application";
		};
/* End PBXNativeTarget section */

/* Begin PBXProject section */
		85648B4B1D18D56000157A23 /* Project object */ = {
			isa = PBXProject;
			attributes = {
				LastUpgradeCheck = 0730;
				ORGANIZATIONNAME = "cloud.wood-group";
				TargetAttributes = {
					85648B521D18D56000157A23 = {
						CreatedOnToolsVersion = 7.3;
					};
				};
			};
			buildConfigurationList = 85648B4E1D18D56000157A23 /* Build configuration list for PBXProject "图片浏览demo" */;
			compatibilityVersion = "Xcode 3.2";
			developmentRegion = English;
			hasScannedForEncodings = 0;
			knownRegions = (
				en,
				Base,
			);
			mainGroup = 85648B4A1D18D56000157A23;
			productRefGroup = 85648B541D18D56000157A23 /* Products */;
			projectDirPath = "";
			projectRoot = "";
			targets = (
				85648B521D18D56000157A23 /* 图片浏览demo */,
			);
		};
/* End PBXProject section */

/* Begin PBXResourcesBuildPhase section */
		85648B511D18D56000157A23 /* Resources */ = {
			isa = PBXResourcesBuildPhase;
			buildActionMask = 2147483647;
			files = (
				85648B661D18D56000157A23 /* LaunchScreen.storyboard in Resources */,
				85648B631D18D56000157A23 /* Assets.xcassets in Resources */,
				85648B611D18D56000157A23 /* Main.storyboard in Resources */,
			);
			runOnlyForDeploymentPostprocessing = 0;
		};
/* End PBXResourcesBuildPhase section */

/* Begin PBXShellScriptBuildPhase section */
		0A4BC7842D1181F165A13469 /* 📦 Check Pods Manifest.lock */ = {
			isa = PBXShellScriptBuildPhase;
			buildActionMask = 2147483647;
			files = (
			);
			inputPaths = (
			);
			name = "📦 Check Pods Manifest.lock";
			outputPaths = (
			);
			runOnlyForDeploymentPostprocessing = 0;
			shellPath = /bin/sh;
			shellScript = "diff \"${PODS_ROOT}/../Podfile.lock\" \"${PODS_ROOT}/Manifest.lock\" > /dev/null\nif [[ $? != 0 ]] ; then\n    cat << EOM\nerror: The sandbox is not in sync with the Podfile.lock. Run 'pod install' or update your CocoaPods installation.\nEOM\n    exit 1\nfi\n";
			showEnvVarsInLog = 0;
		};
		15652202CEE49BC8A588F3AB /* 📦 Copy Pods Resources */ = {
			isa = PBXShellScriptBuildPhase;
			buildActionMask = 2147483647;
			files = (
			);
			inputPaths = (
			);
			name = "📦 Copy Pods Resources";
			outputPaths = (
			);
			runOnlyForDeploymentPostprocessing = 0;
			shellPath = /bin/sh;
			shellScript = "\"${SRCROOT}/Pods/Target Support Files/Pods-图片浏览demo/Pods-图片浏览demo-resources.sh\"\n";
			showEnvVarsInLog = 0;
		};
		39030EE612335FE0DF6A6AAC /* 📦 Embed Pods Frameworks */ = {
			isa = PBXShellScriptBuildPhase;
			buildActionMask = 2147483647;
			files = (
			);
			inputPaths = (
			);
			name = "📦 Embed Pods Frameworks";
			outputPaths = (
			);
			runOnlyForDeploymentPostprocessing = 0;
			shellPath = /bin/sh;
			shellScript = "\"${SRCROOT}/Pods/Target Support Files/Pods-图片浏览demo/Pods-图片浏览demo-frameworks.sh\"\n";
			showEnvVarsInLog = 0;
		};
/* End PBXShellScriptBuildPhase section */

/* Begin PBXSourcesBuildPhase section */
		85648B4F1D18D56000157A23 /* Sources */ = {
			isa = PBXSourcesBuildPhase;
			buildActionMask = 2147483647;
			files = (
				85648B5E1D18D56000157A23 /* ViewController.m in Sources */,
				85648B5B1D18D56000157A23 /* AppDelegate.m in Sources */,
				85648B6F1D18D58400157A23 /* ZBPhotoBrowserViewController.m in Sources */,
				85648B581D18D56000157A23 /* main.m in Sources */,
			);
			runOnlyForDeploymentPostprocessing = 0;
		};
/* End PBXSourcesBuildPhase section */

/* Begin PBXVariantGroup section */
		85648B5F1D18D56000157A23 /* Main.storyboard */ = {
			isa = PBXVariantGroup;
			children = (
				85648B601D18D56000157A23 /* Base */,
			);
			name = Main.storyboard;
			sourceTree = "<group>";
		};
		85648B641D18D56000157A23 /* LaunchScreen.storyboard */ = {
			isa = PBXVariantGroup;
			children = (
				85648B651D18D56000157A23 /* Base */,
			);
			name = LaunchScreen.storyboard;
			sourceTree = "<group>";
		};
/* End PBXVariantGroup section */

/* Begin XCBuildConfiguration section */
		85648B681D18D56000157A23 /* Debug */ = {
			isa = XCBuildConfiguration;
			buildSettings = {
				ALWAYS_SEARCH_USER_PATHS = NO;
				CLANG_ANALYZER_NONNULL = YES;
				CLANG_CXX_LANGUAGE_STANDARD = "gnu++0x";
				CLANG_CXX_LIBRARY = "libc++";
				CLANG_ENABLE_MODULES = YES;
				CLANG_ENABLE_OBJC_ARC = YES;
				CLANG_WARN_BOOL_CONVERSION = YES;
				CLANG_WARN_CONSTANT_CONVERSION = YES;
				CLANG_WARN_DIRECT_OBJC_ISA_USAGE = YES_ERROR;
				CLANG_WARN_EMPTY_BODY = YES;
				CLANG_WARN_ENUM_CONVERSION = YES;
				CLANG_WARN_INT_CONVERSION = YES;
				CLANG_WARN_OBJC_ROOT_CLASS = YES_ERROR;
				CLANG_WARN_UNREACHABLE_CODE = YES;
				CLANG_WARN__DUPLICATE_METHOD_MATCH = YES;
				"CODE_SIGN_IDENTITY[sdk=iphoneos*]" = "iPhone Developer";
				COPY_PHASE_STRIP = NO;
				DEBUG_INFORMATION_FORMAT = dwarf;
				ENABLE_STRICT_OBJC_MSGSEND = YES;
				ENABLE_TESTABILITY = YES;
				GCC_C_LANGUAGE_STANDARD = gnu99;
				GCC_DYNAMIC_NO_PIC = NO;
				GCC_NO_COMMON_BLOCKS = YES;
				GCC_OPTIMIZATION_LEVEL = 0;
				GCC_PREPROCESSOR_DEFINITIONS = (
					"DEBUG=1",
					"$(inherited)",
				);
				GCC_WARN_64_TO_32_BIT_CONVERSION = YES;
				GCC_WARN_ABOUT_RETURN_TYPE = YES_ERROR;
				GCC_WARN_UNDECLARED_SELECTOR = YES;
				GCC_WARN_UNINITIALIZED_AUTOS = YES_AGGRESSIVE;
				GCC_WARN_UNUSED_FUNCTION = YES;
				GCC_WARN_UNUSED_VARIABLE = YES;
				IPHONEOS_DEPLOYMENT_TARGET = 9.3;
				MTL_ENABLE_DEBUG_INFO = YES;
				ONLY_ACTIVE_ARCH = YES;
				SDKROOT = iphoneos;
			};
			name = Debug;
		};
		85648B691D18D56000157A23 /* Release */ = {
			isa = XCBuildConfiguration;
			buildSettings = {
				ALWAYS_SEARCH_USER_PATHS = NO;
				CLANG_ANALYZER_NONNULL = YES;
				CLANG_CXX_LANGUAGE_STANDARD = "gnu++0x";
				CLANG_CXX_LIBRARY = "libc++";
				CLANG_ENABLE_MODULES = YES;
				CLANG_ENABLE_OBJC_ARC = YES;
				CLANG_WARN_BOOL_CONVERSION = YES;
				CLANG_WARN_CONSTANT_CONVERSION = YES;
				CLANG_WARN_DIRECT_OBJC_ISA_USAGE = YES_ERROR;
				CLANG_WARN_EMPTY_BODY = YES;
				CLANG_WARN_ENUM_CONVERSION = YES;
				CLANG_WARN_INT_CONVERSION = YES;
				CLANG_WARN_OBJC_ROOT_CLASS = YES_ERROR;
				CLANG_WARN_UNREACHABLE_CODE = YES;
				CLANG_WARN__DUPLICATE_METHOD_MATCH = YES;
				"CODE_SIGN_IDENTITY[sdk=iphoneos*]" = "iPhone Developer";
				COPY_PHASE_STRIP = NO;
				DEBUG_INFORMATION_FORMAT = "dwarf-with-dsym";
				ENABLE_NS_ASSERTIONS = NO;
				ENABLE_STRICT_OBJC_MSGSEND = YES;
				GCC_C_LANGUAGE_STANDARD = gnu99;
				GCC_NO_COMMON_BLOCKS = YES;
				GCC_WARN_64_TO_32_BIT_CONVERSION = YES;
				GCC_WARN_ABOUT_RETURN_TYPE = YES_ERROR;
				GCC_WARN_UNDECLARED_SELECTOR = YES;
				GCC_WARN_UNINITIALIZED_AUTOS = YES_AGGRESSIVE;
				GCC_WARN_UNUSED_FUNCTION = YES;
				GCC_WARN_UNUSED_VARIABLE = YES;
				IPHONEOS_DEPLOYMENT_TARGET = 9.3;
				MTL_ENABLE_DEBUG_INFO = NO;
				SDKROOT = iphoneos;
				VALIDATE_PRODUCT = YES;
			};
			name = Release;
		};
		85648B6B1D18D56000157A23 /* Debug */ = {
			isa = XCBuildConfiguration;
			baseConfigurationReference = 5A066376D39C6DB9D6E92500 /* Pods-图片浏览demo.debug.xcconfig */;
			buildSettings = {
				ASSETCATALOG_COMPILER_APPICON_NAME = AppIcon;
				INFOPLIST_FILE = "图片浏览demo/Info.plist";
				IPHONEOS_DEPLOYMENT_TARGET = 8.0;
				LD_RUNPATH_SEARCH_PATHS = "$(inherited) @executable_path/Frameworks";
				PRODUCT_BUNDLE_IDENTIFIER = "cloud.wood-group.cn.----demo";
				PRODUCT_NAME = "$(TARGET_NAME)";
			};
			name = Debug;
		};
		85648B6C1D18D56000157A23 /* Release */ = {
			isa = XCBuildConfiguration;
			baseConfigurationReference = 44AD0AB4D9F6670F595EF5DD /* Pods-图片浏览demo.release.xcconfig */;
			buildSettings = {
				ASSETCATALOG_COMPILER_APPICON_NAME = AppIcon;
				INFOPLIST_FILE = "图片浏览demo/Info.plist";
				IPHONEOS_DEPLOYMENT_TARGET = 8.0;
				LD_RUNPATH_SEARCH_PATHS = "$(inherited) @executable_path/Frameworks";
				PRODUCT_BUNDLE_IDENTIFIER = "cloud.wood-group.cn.----demo";
				PRODUCT_NAME = "$(TARGET_NAME)";
			};
			name = Release;
		};
/* End XCBuildConfiguration section */

/* Begin XCConfigurationList section */
		85648B4E1D18D56000157A23 /* Build configuration list for PBXProject "图片浏览demo" */ = {
			isa = XCConfigurationList;
			buildConfigurations = (
				85648B681D18D56000157A23 /* Debug */,
				85648B691D18D56000157A23 /* Release */,
			);
			defaultConfigurationIsVisible = 0;
			defaultConfigurationName = Release;
		};
		85648B6A1D18D56000157A23 /* Build configuration list for PBXNativeTarget "图片浏览demo" */ = {
			isa = XCConfigurationList;
			buildConfigurations = (
				85648B6B1D18D56000157A23 /* Debug */,
				85648B6C1D18D56000157A23 /* Release */,
			);
			defaultConfigurationIsVisible = 0;
			defaultConfigurationName = Release;
		};
/* End XCConfigurationList section */
	};
	rootObject = 85648B4B1D18D56000157A23 /* Project object */;
}
